PODS:
  - channel_talk_flutter (4.0.0):
    - ChannelIOSDK (= 12.6.0)
    - Flutter
  - ChannelIOSDK (12.6.0)
  - Flutter (1.0.0)
  - flutter_secure_storage (6.0.0):
    - Flutter
  - flutter_web_browser (0.17.3):
    - Flutter
  - flutter_widgetkit (0.0.1):
    - Flutter

DEPENDENCIES:
  - channel_talk_flutter (from `.symlinks/plugins/channel_talk_flutter/ios`)
  - ChannelIOSDK (from `https://mobile-static.channel.io/ios/12.6.0/xcframework.podspec`)
  - Flutter (from `Flutter`)
  - flutter_secure_storage (from `.symlinks/plugins/flutter_secure_storage/ios`)
  - flutter_web_browser (from `.symlinks/plugins/flutter_web_browser/ios`)
  - flutter_widgetkit (from `.symlinks/plugins/flutter_widgetkit/ios`)

EXTERNAL SOURCES:
  channel_talk_flutter:
    :path: ".symlinks/plugins/channel_talk_flutter/ios"
  ChannelIOSDK:
    :podspec: https://mobile-static.channel.io/ios/12.6.0/xcframework.podspec
  Flutter:
    :path: Flutter
  flutter_secure_storage:
    :path: ".symlinks/plugins/flutter_secure_storage/ios"
  flutter_web_browser:
    :path: ".symlinks/plugins/flutter_web_browser/ios"
  flutter_widgetkit:
    :path: ".symlinks/plugins/flutter_widgetkit/ios"

SPEC CHECKSUMS:
  channel_talk_flutter: 8c0b0f7ca2fc5c22fca29eb55f2d221d627c89c7
  ChannelIOSDK: 7a0d0cefaafbd6ac09945bad0c7b9f4346f1c067
  Flutter: cabc95a1d2626b1b06e7179b784ebcf0c0cde467
  flutter_secure_storage: 1ed9476fba7e7a782b22888f956cce43e2c62f13
  flutter_web_browser: 68b27d2c4773b059cef19e12c890cb204518d3c3
  flutter_widgetkit: 21fcf04a99462110a8c855b614b97532d7d759b7

PODFILE CHECKSUM: f21bae2713691da012f9e9c1048d226fbb3a5fd6

COCOAPODS: 1.17.0
